
Microsoft Visual Studio Solution File, Format Version 12.00
# Visual Studio Version 17
VisualStudioVersion = 17.13.35825.156 d17.13
MinimumVisualStudioVersion = 10.0.40219.1
Project("{FAE04EC0-301F-11D3-BF4B-00C04F79EFBC}") = "CorePlusGenesFoxkin", "CorePlusGenesFoxkin\CorePlusGenesFoxkin.csproj", "{42A93A37-1A26-4814-835C-79BDEAD6B32C}"
EndProject
Global
	GlobalSection(SolutionConfigurationPlatforms) = preSolution
		Debug|Any CPU = Debug|Any CPU
		Release|Any CPU = Release|Any CPU
	EndGlobalSection
	GlobalSection(ProjectConfigurationPlatforms) = postSolution
		{42A93A37-1A26-4814-835C-79BDEAD6B32C}.Debug|Any CPU.ActiveCfg = Debug|Any CPU
		{42A93A37-1A26-4814-835C-79BDEAD6B32C}.Debug|Any CPU.Build.0 = Debug|Any CPU
		{42A93A37-1A26-4814-835C-79BDEAD6B32C}.Release|Any CPU.ActiveCfg = Release|Any CPU
		{42A93A37-1A26-4814-835C-79BDEAD6B32C}.Release|Any CPU.Build.0 = Release|Any CPU
	EndGlobalSection
	GlobalSection(SolutionProperties) = preSolution
		HideSolutionNode = FALSE
	EndGlobalSection
	GlobalSection(ExtensibilityGlobals) = postSolution
		SolutionGuid = {F00F065B-6B50-45F5-9FA5-FB9193D73263}
	EndGlobalSection
EndGlobal
